<?xml version="1.0" encoding="utf-8"?>
<Project ToolsVersion="4.0" xmlns="http://schemas.microsoft.com/developer/msbuild/2003">
  <ItemGroup>
    <ClInclude Include="toLowerCase.h">
      <Filter>Easy</Filter>
    </ClInclude>
    <ClInclude Include="oddCells.h">
      <Filter>Easy</Filter>
    </ClInclude>
    <ClInclude Include="defangIPaddr.h">
      <Filter>Easy</Filter>
    </ClInclude>
    <ClInclude Include="groupThePeople.h">
      <Filter>Medium</Filter>
    </ClInclude>
    <ClInclude Include="numJewelsInStones.h">
      <Filter>Easy</Filter>
    </ClInclude>
    <ClInclude Include="subtractProductAndSum.h">
      <Filter>Easy</Filter>
    </ClInclude>
    <ClInclude Include="getDecimalValue.h">
      <Filter>Easy</Filter>
    </ClInclude>
    <ClInclude Include="maxIncreaseKeepingSkyline.h">
      <Filter>Medium</Filter>
    </ClInclude>
    <ClInclude Include="balancedStringSplit.h">
      <Filter>Easy</Filter>
    </ClInclude>
    <ClInclude Include="minTimeToVisitAllPoints.h">
      <Filter>Easy</Filter>
    </ClInclude>
    <ClInclude Include="rangeSumBST.h">
      <Filter>Easy</Filter>
    </ClInclude>
    <ClInclude Include="bstToGst.h">
      <Filter>Medium</Filter>
    </ClInclude>
    <ClInclude Include="twoSum.h">
      <Filter>Easy</Filter>
    </ClInclude>
    <ClInclude Include="longestPalindrome.h">
      <Filter>Medium</Filter>
    </ClInclude>
    <ClInclude Include="addTwoNumbers.h">
      <Filter>Medium</Filter>
    </ClInclude>
    <ClInclude Include="reverseInt.h">
      <Filter>Easy</Filter>
    </ClInclude>
    <ClInclude Include="findMedianSortedArrays.h">
      <Filter>Hard</Filter>
    </ClInclude>
    <ClInclude Include="lengthOfLongestSubstring.h">
      <Filter>Medium</Filter>
    </ClInclude>
    <ClInclude Include="constructMaximumBinaryTree.h">
      <Filter>Medium</Filter>
    </ClInclude>
    <ClInclude Include="insertIntoBST.h">
      <Filter>Medium</Filter>
    </ClInclude>
  </ItemGroup>
  <ItemGroup>
    <ClCompile Include="main.cpp" />
    <ClCompile Include="ZigZagConversion.h">
      <Filter>Medium</Filter>
    </ClCompile>
  </ItemGroup>
  <ItemGroup>
    <Filter Include="Easy">
      <UniqueIdentifier>{2aadfbea-8cba-4b06-a0f9-9778e4f6271d}</UniqueIdentifier>
    </Filter>
    <Filter Include="Medium">
      <UniqueIdentifier>{4d9c73b7-a214-4a88-95e1-6fc253a63fac}</UniqueIdentifier>
    </Filter>
    <Filter Include="Hard">
      <UniqueIdentifier>{a158423a-f504-4a8c-b4ce-06c637062449}</UniqueIdentifier>
    </Filter>
  </ItemGroup>
</Project>