<?xml version="1.0" encoding="utf-8"?>
<Project ToolsVersion="4.0" xmlns="http://schemas.microsoft.com/developer/msbuild/2003">
  <ItemGroup>
    <ClInclude Include="toLowerCase.h">
      <Filter>Easy</Filter>
    </ClInclude>
    <ClInclude Include="oddCells.h">
      <Filter>Easy</Filter>
    </ClInclude>
    <ClInclude Include="defangIPaddr.h">
      <Filter>Easy</Filter>
    </ClInclude>
    <ClInclude Include="groupThePeople.h">
      <Filter>Medium</Filter>
    </ClInclude>
    <ClInclude Include="numJewelsInStones.h">
      <Filter>Easy</Filter>
    </ClInclude>
    <ClInclude Include="subtractProductAndSum.h">
      <Filter>Easy</Filter>
    </ClInclude>
    <ClInclude Include="getDecimalValue.h">
      <Filter>Easy</Filter>
    </ClInclude>
    <ClInclude Include="maxIncreaseKeepingSkyline.h">
      <Filter>Medium</Filter>
    </ClInclude>
    <ClInclude Include="balancedStringSplit.h">
      <Filter>Easy</Filter>
    </ClInclude>
    <ClInclude Include="minTimeToVisitAllPoints.h">
      <Filter>Easy</Filter>
    </ClInclude>
    <ClInclude Include="rangeSumBST.h">
      <Filter>Easy</Filter>
    </ClInclude>
    <ClInclude Include="bstToGst.h">
      <Filter>Medium</Filter>
    </ClInclude>
    <ClInclude Include="twoSum.h">
      <Filter>Easy</Filter>
    </ClInclude>
    <ClInclude Include="longestPalindrome.h">
      <Filter>Medium</Filter>
    </ClInclude>
    <ClInclude Include="addTwoNumbers.h">
      <Filter>Medium</Filter>
    </ClInclude>
    <ClInclude Include="reverseInt.h">
      <Filter>Easy</Filter>
    </ClInclude>
    <ClInclude Include="findMedianSortedArrays.h">
      <Filter>Hard</Filter>
    </ClInclude>
    <ClInclude Include="lengthOfLongestSubstring.h">
      <Filter>Medium</Filter>
    </ClInclude>
    <ClInclude Include="constructMaximumBinaryTree.h">
      <Filter>Medium</Filter>
    </ClInclude>
    <ClInclude Include="insertIntoBST.h">
      <Filter>Medium</Filter>
    </ClInclude>
    <ClInclude Include="findNumbers.h">
      <Filter>Easy</Filter>
    </ClInclude>
    <ClInclude Include="removeOuterParentheses.h">
      <Filter>Easy</Filter>
    </ClInclude>
    <ClInclude Include="uniqueMorseRepresentations.h">
      <Filter>Easy</Filter>
    </ClInclude>
    <ClInclude Include="bstFromPreorder.h">
      <Filter>Medium</Filter>
    </ClInclude>
    <ClInclude Include="sortArrayByParity.h">
      <Filter>Easy</Filter>
    </ClInclude>
    <ClInclude Include="flipAndInvertImage.h">
      <Filter>Easy</Filter>
    </ClInclude>
    <ClInclude Include="deckRevealedIncreasing.h">
      <Filter>Medium</Filter>
    </ClInclude>
    <ClInclude Include="numTilePossibilities.h">
      <Filter>Medium</Filter>
    </ClInclude>
    <ClInclude Include="partitionLabels.h">
      <Filter>Medium</Filter>
    </ClInclude>
    <ClInclude Include="allPathsSourceTarget.h">
      <Filter>Medium</Filter>
    </ClInclude>
    <ClInclude Include="allPossibleFBT.h">
      <Filter>Medium</Filter>
    </ClInclude>
    <ClInclude Include="sortedSquares.h">
      <Filter>Easy</Filter>
    </ClInclude>
    <ClInclude Include="uniqueOccurrences.h">
      <Filter>Easy</Filter>
    </ClInclude>
    <ClInclude Include="getElements.h">
      <Filter>Medium</Filter>
    </ClInclude>
    <ClInclude Include="uniquePathsIII.h">
      <Filter>Hard</Filter>
    </ClInclude>
    <ClInclude Include="hammingDistance.h">
      <Filter>Easy</Filter>
    </ClInclude>
    <ClInclude Include="maxLevelSum.h">
      <Filter>Medium</Filter>
    </ClInclude>
    <ClInclude Include="matrixScore.h">
      <Filter>Medium</Filter>
    </ClInclude>
    <ClInclude Include="pathInZigZagTree.h">
      <Filter>Medium</Filter>
    </ClInclude>
    <ClInclude Include="minFlips.h">
      <Filter>Hard</Filter>
    </ClInclude>
    <ClInclude Include="RecentCounter.h">
      <Filter>Easy</Filter>
    </ClInclude>
    <ClInclude Include="maxScoreWords.h">
      <Filter>Hard</Filter>
    </ClInclude>
    <ClInclude Include="freqAlphabets.h">
      <Filter>Easy</Filter>
    </ClInclude>
    <ClInclude Include="decompressRLElist.h">
      <Filter>Easy</Filter>
    </ClInclude>
    <ClInclude Include="createTargetArray.h">
      <Filter>Easy</Filter>
    </ClInclude>
    <ClInclude Include="maximum69Number.h">
      <Filter>Easy</Filter>
    </ClInclude>
    <ClInclude Include="diagonalSort.h">
      <Filter>Medium</Filter>
    </ClInclude>
    <ClInclude Include="countNegatives.h">
      <Filter>Easy</Filter>
    </ClInclude>
    <ClInclude Include="minSteps.h">
      <Filter>Easy</Filter>
    </ClInclude>
    <ClInclude Include="sortString.h">
      <Filter>Medium</Filter>
    </ClInclude>
    <ClInclude Include="processQueries.h">
      <Filter>Medium</Filter>
    </ClInclude>
    <ClInclude Include="balanceBST.h">
      <Filter>Medium</Filter>
    </ClInclude>
    <ClInclude Include="CustomStack.h">
      <Filter>Medium</Filter>
    </ClInclude>
    <ClInclude Include="luckyNumbers.h">
      <Filter>Easy</Filter>
    </ClInclude>
    <ClInclude Include="getKth.h">
      <Filter>Medium</Filter>
    </ClInclude>
    <ClInclude Include="minDeletionSize.h">
      <Filter>Easy</Filter>
    </ClInclude>
    <ClInclude Include="heightChecker.h">
      <Filter>Easy</Filter>
    </ClInclude>
    <ClInclude Include="maxDepthAfterSplit.h">
      <Filter>Medium</Filter>
    </ClInclude>
    <ClInclude Include="getHappyString.h">
      <Filter>Medium</Filter>
    </ClInclude>
  </ItemGroup>
  <ItemGroup>
    <ClCompile Include="main.cpp" />
    <ClCompile Include="ZigZagConversion.h">
      <Filter>Medium</Filter>
    </ClCompile>
    <ClCompile Include="uniqueMorseRepresentations.cpp">
      <Filter>Easy</Filter>
    </ClCompile>
    <ClCompile Include="ReducingDishes.h">
      <Filter>Hard</Filter>
    </ClCompile>
    <ClCompile Include="smallerNumbersThanCurrent.h">
      <Filter>Easy</Filter>
    </ClCompile>
  </ItemGroup>
  <ItemGroup>
    <Filter Include="Easy">
      <UniqueIdentifier>{2aadfbea-8cba-4b06-a0f9-9778e4f6271d}</UniqueIdentifier>
    </Filter>
    <Filter Include="Medium">
      <UniqueIdentifier>{4d9c73b7-a214-4a88-95e1-6fc253a63fac}</UniqueIdentifier>
    </Filter>
    <Filter Include="Hard">
      <UniqueIdentifier>{a158423a-f504-4a8c-b4ce-06c637062449}</UniqueIdentifier>
    </Filter>
  </ItemGroup>
</Project>