<?xml version="1.0" encoding="utf-8"?>
<Project ToolsVersion="4.0" xmlns="http://schemas.microsoft.com/developer/msbuild/2003">
  <ItemGroup>
    <ClInclude Include="longestPalindrome.h" />
    <ClInclude Include="twoSum.h" />
    <ClInclude Include="addTwoNumbers.h" />
    <ClInclude Include="findMedianSortedArrays.h" />
    <ClInclude Include="lengthOfLongestSubstring.h" />
    <ClInclude Include="reverseInt.h" />
    <ClInclude Include="defangIPaddr.h" />
    <ClInclude Include="numJewelsInStones.h" />
    <ClInclude Include="maxIncreaseKeepingSkyline.h" />
    <ClInclude Include="balancedStringSplit.h" />
    <ClInclude Include="minTimeToVisitAllPoints.h" />
  </ItemGroup>
  <ItemGroup>
    <ClCompile Include="main.cpp" />
    <ClCompile Include="ZigZagConversion.h" />
  </ItemGroup>
</Project>